
Microsoft Visual Studio Solution File, Format Version 12.00
# Visual Studio 14
VisualStudioVersion = 14.0.24720.0
MinimumVisualStudioVersion = 10.0.40219.1
Project("{FAE04EC0-301F-11D3-BF4B-00C04F79EFBC}") = "Dictionary", "Dictionary\Dictionary.csproj", "{08B2801E-A92E-4A96-B46C-79E12DE7BAE8}"
EndProject
Project("{FAE04EC0-301F-11D3-BF4B-00C04F79EFBC}") = "CountSymbols", "CountSymbols\CountSymbols.csproj", "{913ED16E-4AE9-4700-B8B2-4E97FA3CC2F7}"
EndProject
Project("{FAE04EC0-301F-11D3-BF4B-00C04F79EFBC}") = "Phonebook", "Phonebook\Phonebook.csproj", "{3D85A37B-E3BA-411A-88A3-14EE96AB171F}"
EndProject
Project("{FAE04EC0-301F-11D3-BF4B-00C04F79EFBC}") = "OrderedSet", "OrderedSet\OrderedSet.csproj", "{9976AEA3-F2B5-4CCF-88AC-7BCD2144E8F9}"
EndProject
Global
	GlobalSection(SolutionConfigurationPlatforms) = preSolution
		Debug|Any CPU = Debug|Any CPU
		Release|Any CPU = Release|Any CPU
	EndGlobalSection
	GlobalSection(ProjectConfigurationPlatforms) = postSolution
		{08B2801E-A92E-4A96-B46C-79E12DE7BAE8}.Debug|Any CPU.ActiveCfg = Debug|Any CPU
		{08B2801E-A92E-4A96-B46C-79E12DE7BAE8}.Debug|Any CPU.Build.0 = Debug|Any CPU
		{08B2801E-A92E-4A96-B46C-79E12DE7BAE8}.Release|Any CPU.ActiveCfg = Release|Any CPU
		{08B2801E-A92E-4A96-B46C-79E12DE7BAE8}.Release|Any CPU.Build.0 = Release|Any CPU
		{913ED16E-4AE9-4700-B8B2-4E97FA3CC2F7}.Debug|Any CPU.ActiveCfg = Debug|Any CPU
		{913ED16E-4AE9-4700-B8B2-4E97FA3CC2F7}.Debug|Any CPU.Build.0 = Debug|Any CPU
		{913ED16E-4AE9-4700-B8B2-4E97FA3CC2F7}.Release|Any CPU.ActiveCfg = Release|Any CPU
		{913ED16E-4AE9-4700-B8B2-4E97FA3CC2F7}.Release|Any CPU.Build.0 = Release|Any CPU
		{3D85A37B-E3BA-411A-88A3-14EE96AB171F}.Debug|Any CPU.ActiveCfg = Debug|Any CPU
		{3D85A37B-E3BA-411A-88A3-14EE96AB171F}.Debug|Any CPU.Build.0 = Debug|Any CPU
		{3D85A37B-E3BA-411A-88A3-14EE96AB171F}.Release|Any CPU.ActiveCfg = Release|Any CPU
		{3D85A37B-E3BA-411A-88A3-14EE96AB171F}.Release|Any CPU.Build.0 = Release|Any CPU
		{9976AEA3-F2B5-4CCF-88AC-7BCD2144E8F9}.Debug|Any CPU.ActiveCfg = Debug|Any CPU
		{9976AEA3-F2B5-4CCF-88AC-7BCD2144E8F9}.Debug|Any CPU.Build.0 = Debug|Any CPU
		{9976AEA3-F2B5-4CCF-88AC-7BCD2144E8F9}.Release|Any CPU.ActiveCfg = Release|Any CPU
		{9976AEA3-F2B5-4CCF-88AC-7BCD2144E8F9}.Release|Any CPU.Build.0 = Release|Any CPU
	EndGlobalSection
	GlobalSection(SolutionProperties) = preSolution
		HideSolutionNode = FALSE
	EndGlobalSection
EndGlobal
